
Microsoft Visual Studio Solution File, Format Version 12.00
# Visual Studio Version 17
VisualStudioVersion = 17.3.32901.215
MinimumVisualStudioVersion = 10.0.40219.1
Project("{FAE04EC0-301F-11D3-BF4B-00C04F79EFBC}") = "WindowsFormsThingy", "WindowsFormsThingy.csproj", "{B2E97FE4-60F1-41B1-8F9D-BB01A78401FD}"
EndProject
Global
	GlobalSection(SolutionConfigurationPlatforms) = preSolution
		Debug|Any CPU = Debug|Any CPU
		Release|Any CPU = Release|Any CPU
	EndGlobalSection
	GlobalSection(ProjectConfigurationPlatforms) = postSolution
		{B2E97FE4-60F1-41B1-8F9D-BB01A78401FD}.Debug|Any CPU.ActiveCfg = Debug|Any CPU
		{B2E97FE4-60F1-41B1-8F9D-BB01A78401FD}.Debug|Any CPU.Build.0 = Debug|Any CPU
		{B2E97FE4-60F1-41B1-8F9D-BB01A78401FD}.Release|Any CPU.ActiveCfg = Release|Any CPU
		{B2E97FE4-60F1-41B1-8F9D-BB01A78401FD}.Release|Any CPU.Build.0 = Release|Any CPU
	EndGlobalSection
	GlobalSection(SolutionProperties) = preSolution
		HideSolutionNode = FALSE
	EndGlobalSection
	GlobalSection(ExtensibilityGlobals) = postSolution
		SolutionGuid = {A60B6741-B97C-4F69-8F9F-83F566E6AFF0}
	EndGlobalSection
EndGlobal
